
Microsoft Visual Studio Solution File, Format Version 12.00
# Visual Studio Version 16
VisualStudioVersion = 16.0.30104.148
MinimumVisualStudioVersion = 10.0.40219.1
Project("{9A19103F-16F7-4668-BE54-9A1E7A4F7556}") = "Zpeedy_core_3", "Zpeedy_core_3\Zpeedy_core_3.csproj", "{9E46405D-B793-46A9-8A96-6A163B555038}"
EndProject
Project("{FAE04EC0-301F-11D3-BF4B-00C04F79EFBC}") = "Zpeedy_tests", "Zpeedy_tests\Zpeedy_tests.csproj", "{3B7B1980-4C6E-4817-9521-D16ECD85B872}"
EndProject
Global
	GlobalSection(SolutionConfigurationPlatforms) = preSolution
		Debug|Any CPU = Debug|Any CPU
		Release|Any CPU = Release|Any CPU
	EndGlobalSection
	GlobalSection(ProjectConfigurationPlatforms) = postSolution
		{9E46405D-B793-46A9-8A96-6A163B555038}.Debug|Any CPU.ActiveCfg = Debug|Any CPU
		{9E46405D-B793-46A9-8A96-6A163B555038}.Debug|Any CPU.Build.0 = Debug|Any CPU
		{9E46405D-B793-46A9-8A96-6A163B555038}.Release|Any CPU.ActiveCfg = Release|Any CPU
		{9E46405D-B793-46A9-8A96-6A163B555038}.Release|Any CPU.Build.0 = Release|Any CPU
		{3B7B1980-4C6E-4817-9521-D16ECD85B872}.Debug|Any CPU.ActiveCfg = Debug|Any CPU
		{3B7B1980-4C6E-4817-9521-D16ECD85B872}.Debug|Any CPU.Build.0 = Debug|Any CPU
		{3B7B1980-4C6E-4817-9521-D16ECD85B872}.Release|Any CPU.ActiveCfg = Release|Any CPU
		{3B7B1980-4C6E-4817-9521-D16ECD85B872}.Release|Any CPU.Build.0 = Release|Any CPU
	EndGlobalSection
	GlobalSection(SolutionProperties) = preSolution
		HideSolutionNode = FALSE
	EndGlobalSection
	GlobalSection(ExtensibilityGlobals) = postSolution
		SolutionGuid = {C05E2369-3227-416C-98E5-5FF4E69F6B88}
	EndGlobalSection
EndGlobal
